<?xml version="1.0" encoding="utf-8"?>
<Project ToolsVersion="4.0" xmlns="http://schemas.microsoft.com/developer/msbuild/2003">
  <ItemGroup>
    <Filter Include="base">
      <UniqueIdentifier>{5d0a2b26-aae1-4737-8f6b-3f7e18033893}</UniqueIdentifier>
    </Filter>
    <Filter Include="util">
      <UniqueIdentifier>{c5d6cc8f-426b-47fd-8fa6-e0bdcb8a4d75}</UniqueIdentifier>
    </Filter>
  </ItemGroup>
  <ItemGroup>
    <ClInclude Include="TextReader.h">
      <Filter>util</Filter>
    </ClInclude>
    <ClInclude Include="Scene.h">
      <Filter>base</Filter>
    </ClInclude>
    <ClInclude Include="Constant.h">
      <Filter>base</Filter>
    </ClInclude>
    <ClInclude Include="Logger.h">
      <Filter>util</Filter>
    </ClInclude>
    <ClInclude Include="SevertyType.h">
      <Filter>util</Filter>
    </ClInclude>
  </ItemGroup>
  <ItemGroup>
    <ClCompile Include="TextReader.cpp">
      <Filter>util</Filter>
    </ClCompile>
    <ClCompile Include="Scene.cpp">
      <Filter>base</Filter>
    </ClCompile>
    <ClCompile Include="Logger.cpp">
      <Filter>util</Filter>
    </ClCompile>
  </ItemGroup>
</Project>