<?xml version="1.0" encoding="utf-8"?>
<Project ToolsVersion="4.0" xmlns="http://schemas.microsoft.com/developer/msbuild/2003">
  <ItemGroup>
    <Filter Include="소스 파일">
      <UniqueIdentifier>{4FC737F1-C7A5-4376-A066-2A32D752A2FF}</UniqueIdentifier>
      <Extensions>cpp;c;cc;cxx;c++;def;odl;idl;hpj;bat;asm;asmx</Extensions>
    </Filter>
    <Filter Include="리소스 파일">
      <UniqueIdentifier>{67DA6AB6-F800-4c08-8B7A-83BB121AAD01}</UniqueIdentifier>
      <Extensions>rc;ico;cur;bmp;dlg;rc2;rct;bin;rgs;gif;jpg;jpeg;jpe;resx;tiff;tif;png;wav;mfcribbon-ms</Extensions>
    </Filter>
    <Filter Include="소스 파일\shader">
      <UniqueIdentifier>{c5de9140-75c8-496c-abc1-eb350b4bfb98}</UniqueIdentifier>
    </Filter>
    <Filter Include="소스 파일\util">
      <UniqueIdentifier>{d434626c-1d00-4db2-90b2-8c897c30dbf9}</UniqueIdentifier>
    </Filter>
    <Filter Include="소스 파일\core">
      <UniqueIdentifier>{7310bcff-0af8-43b3-a7d7-eeb8ffecef93}</UniqueIdentifier>
    </Filter>
    <Filter Include="소스 파일\core\Program">
      <UniqueIdentifier>{bc4f2036-2e4d-44fc-a4c0-4ca59f77347d}</UniqueIdentifier>
    </Filter>
    <Filter Include="소스 파일\3rd party">
      <UniqueIdentifier>{608f8508-4f44-4c02-957f-030bedf2bf51}</UniqueIdentifier>
    </Filter>
  </ItemGroup>
  <ItemGroup>
    <ClCompile Include="main.cpp">
      <Filter>소스 파일</Filter>
    </ClCompile>
    <ClCompile Include="TextReader.cpp">
      <Filter>소스 파일\util</Filter>
    </ClCompile>
    <ClCompile Include="ShaderProgram.cpp">
      <Filter>소스 파일\core\Program</Filter>
    </ClCompile>
    <ClCompile Include="ProgramException.cpp">
      <Filter>소스 파일\core\Program</Filter>
    </ClCompile>
    <ClCompile Include="glad\src\glad.c">
      <Filter>소스 파일\3rd party</Filter>
    </ClCompile>
  </ItemGroup>
  <ItemGroup>
    <ClInclude Include="ShaderProgram.h" />
    <ClInclude Include="TextReader.h">
      <Filter>소스 파일\util</Filter>
    </ClInclude>
    <ClInclude Include="ProgramException.h">
      <Filter>소스 파일\core\Program</Filter>
    </ClInclude>
  </ItemGroup>
  <ItemGroup>
    <None Include="triangle_vert.glsl">
      <Filter>소스 파일\shader</Filter>
    </None>
    <None Include="triangle_frag.glsl">
      <Filter>소스 파일\shader</Filter>
    </None>
  </ItemGroup>
</Project>