<?xml version="1.0" encoding="utf-8"?>
<Project ToolsVersion="4.0" xmlns="http://schemas.microsoft.com/developer/msbuild/2003">
  <ItemGroup>
    <Filter Include="소스 파일">
      <UniqueIdentifier>{4FC737F1-C7A5-4376-A066-2A32D752A2FF}</UniqueIdentifier>
      <Extensions>cpp;c;cc;cxx;c++;def;odl;idl;hpj;bat;asm;asmx</Extensions>
    </Filter>
    <Filter Include="리소스 파일">
      <UniqueIdentifier>{67DA6AB6-F800-4c08-8B7A-83BB121AAD01}</UniqueIdentifier>
      <Extensions>rc;ico;cur;bmp;dlg;rc2;rct;bin;rgs;gif;jpg;jpeg;jpe;resx;tiff;tif;png;wav;mfcribbon-ms</Extensions>
    </Filter>
    <Filter Include="소스 파일\shader">
      <UniqueIdentifier>{51ef5166-e4bb-48f0-aa78-e79777da7026}</UniqueIdentifier>
    </Filter>
    <Filter Include="소스 파일\util">
      <UniqueIdentifier>{2f681db1-2e01-4bfc-aa7c-125ec398faef}</UniqueIdentifier>
    </Filter>
  </ItemGroup>
  <ItemGroup>
    <ClCompile Include="main.cpp">
      <Filter>소스 파일</Filter>
    </ClCompile>
    <ClCompile Include="glad\src\glad.c">
      <Filter>소스 파일</Filter>
    </ClCompile>
    <ClCompile Include="TextReader.cpp">
      <Filter>소스 파일\util</Filter>
    </ClCompile>
  </ItemGroup>
  <ItemGroup>
    <None Include="triangle_frag.glsl">
      <Filter>소스 파일\shader</Filter>
    </None>
    <None Include="triangle_vert.glsl">
      <Filter>소스 파일\shader</Filter>
    </None>
  </ItemGroup>
  <ItemGroup>
    <ClInclude Include="TextReader.h">
      <Filter>소스 파일\util</Filter>
    </ClInclude>
  </ItemGroup>
</Project>