<?xml version="1.0" encoding="utf-8"?>
<Project ToolsVersion="4.0" xmlns="http://schemas.microsoft.com/developer/msbuild/2003">
  <ItemGroup>
    <Filter Include="소스 파일">
      <UniqueIdentifier>{4FC737F1-C7A5-4376-A066-2A32D752A2FF}</UniqueIdentifier>
      <Extensions>cpp;c;cc;cxx;c++;def;odl;idl;hpj;bat;asm;asmx</Extensions>
    </Filter>
    <Filter Include="리소스 파일">
      <UniqueIdentifier>{67DA6AB6-F800-4c08-8B7A-83BB121AAD01}</UniqueIdentifier>
      <Extensions>rc;ico;cur;bmp;dlg;rc2;rct;bin;rgs;gif;jpg;jpeg;jpe;resx;tiff;tif;png;wav;mfcribbon-ms</Extensions>
    </Filter>
    <Filter Include="소스 파일\3rd party">
      <UniqueIdentifier>{a0dd9e96-7fe0-47f3-9f23-4d6530ef01d9}</UniqueIdentifier>
    </Filter>
    <Filter Include="소스 파일\engine">
      <UniqueIdentifier>{66b8c5dd-6c88-430c-ba0d-ad60ca4af575}</UniqueIdentifier>
    </Filter>
    <Filter Include="소스 파일\engine\core">
      <UniqueIdentifier>{db0131a1-47a7-4d4b-a598-c98fe7f1bf6e}</UniqueIdentifier>
    </Filter>
    <Filter Include="소스 파일\engine\core\vertex attribute">
      <UniqueIdentifier>{7eef9a39-3ea5-4bb1-a50f-6a36ca7ee083}</UniqueIdentifier>
    </Filter>
    <Filter Include="소스 파일\engine\base">
      <UniqueIdentifier>{900cbc64-7ca4-48ff-83ec-2441b1d77d89}</UniqueIdentifier>
    </Filter>
    <Filter Include="소스 파일\client">
      <UniqueIdentifier>{dc5cd0e5-d82a-43fe-972d-19845ff61770}</UniqueIdentifier>
    </Filter>
    <Filter Include="소스 파일\client\demo">
      <UniqueIdentifier>{ebaeea8a-aaeb-45b3-8de1-f4521b2d0ba8}</UniqueIdentifier>
    </Filter>
    <Filter Include="소스 파일\client\demo\scene">
      <UniqueIdentifier>{284a0bf6-c8ee-424f-b350-a1ed15d10318}</UniqueIdentifier>
    </Filter>
    <Filter Include="소스 파일\client\demo\shader">
      <UniqueIdentifier>{e5a7c24d-060b-420e-908a-fc14ebc1571e}</UniqueIdentifier>
    </Filter>
    <Filter Include="소스 파일\engine\data structure">
      <UniqueIdentifier>{71a4471c-6151-45fd-ba90-530cde089045}</UniqueIdentifier>
    </Filter>
    <Filter Include="소스 파일\engine\core\transform">
      <UniqueIdentifier>{c0e8e5d6-6fb3-4e6d-bc12-f0a040f43a4e}</UniqueIdentifier>
    </Filter>
    <Filter Include="소스 파일\gl core">
      <UniqueIdentifier>{a0670224-b726-4f83-869d-a6efb269e774}</UniqueIdentifier>
    </Filter>
    <Filter Include="소스 파일\gl core\core">
      <UniqueIdentifier>{bdba4a48-6f0f-4f9b-bffe-4ce3104de724}</UniqueIdentifier>
    </Filter>
    <Filter Include="소스 파일\gl core\core\program">
      <UniqueIdentifier>{ed82a131-0c05-4a37-8829-e4e77f568f08}</UniqueIdentifier>
    </Filter>
    <Filter Include="소스 파일\gl core\core\texture">
      <UniqueIdentifier>{794a4642-caee-4052-b7db-9979b9e0bcf6}</UniqueIdentifier>
    </Filter>
    <Filter Include="소스 파일\gl core\core\buffer">
      <UniqueIdentifier>{0fdcef8a-01c3-4a14-a644-76d53e8e74eb}</UniqueIdentifier>
    </Filter>
    <Filter Include="소스 파일\gl core\core\vertex attribute">
      <UniqueIdentifier>{22c2382c-f01d-4701-89a9-087a81950e0f}</UniqueIdentifier>
    </Filter>
    <Filter Include="소스 파일\gl core\core\vertex array">
      <UniqueIdentifier>{634b9a63-25c9-42e2-af80-23e4bbc1ae43}</UniqueIdentifier>
    </Filter>
    <Filter Include="소스 파일\gl core\base">
      <UniqueIdentifier>{bccea725-1194-40a1-a153-9c77e4253ea4}</UniqueIdentifier>
    </Filter>
    <Filter Include="소스 파일\gl core\util">
      <UniqueIdentifier>{2adf111d-06d8-444b-957a-fa258fe4a954}</UniqueIdentifier>
    </Filter>
    <Filter Include="소스 파일\engine\core\camera">
      <UniqueIdentifier>{37e4b2fd-9d06-448e-a67d-9066360c70c3}</UniqueIdentifier>
    </Filter>
  </ItemGroup>
  <ItemGroup>
    <ClCompile Include="main.cpp">
      <Filter>소스 파일</Filter>
    </ClCompile>
    <ClCompile Include="glad\src\glad.c">
      <Filter>소스 파일\3rd party</Filter>
    </ClCompile>
    <ClCompile Include="stb_image.cpp">
      <Filter>소스 파일\3rd party</Filter>
    </ClCompile>
    <ClCompile Include="ProgramException.cpp">
      <Filter>소스 파일\gl core\core\program</Filter>
    </ClCompile>
    <ClCompile Include="ShaderProgram.cpp">
      <Filter>소스 파일\gl core\core\program</Filter>
    </ClCompile>
    <ClCompile Include="Texture2D.cpp">
      <Filter>소스 파일\gl core\core\texture</Filter>
    </ClCompile>
    <ClCompile Include="TextureBase.cpp">
      <Filter>소스 파일\gl core\core\texture</Filter>
    </ClCompile>
    <ClCompile Include="TextureException.cpp">
      <Filter>소스 파일\gl core\core\texture</Filter>
    </ClCompile>
    <ClCompile Include="TextureUtil.cpp">
      <Filter>소스 파일\gl core\util</Filter>
    </ClCompile>
    <ClCompile Include="TextReader.cpp">
      <Filter>소스 파일\gl core\util</Filter>
    </ClCompile>
    <ClCompile Include="BufferException.cpp">
      <Filter>소스 파일\gl core\core\buffer</Filter>
    </ClCompile>
    <ClCompile Include="BufferBase.cpp">
      <Filter>소스 파일\gl core\core\buffer</Filter>
    </ClCompile>
    <ClCompile Include="VertexBuffer.cpp">
      <Filter>소스 파일\gl core\core\buffer</Filter>
    </ClCompile>
    <ClCompile Include="IndexBuffer.cpp">
      <Filter>소스 파일\gl core\core\buffer</Filter>
    </ClCompile>
    <ClCompile Include="VertexAttributeDataStructureFactory.cpp">
      <Filter>소스 파일\engine\core\vertex attribute</Filter>
    </ClCompile>
    <ClCompile Include="VertexAttributeListFactory.cpp">
      <Filter>소스 파일\engine\core\vertex attribute</Filter>
    </ClCompile>
    <ClCompile Include="VertexArray.cpp">
      <Filter>소스 파일\gl core\core\vertex array</Filter>
    </ClCompile>
    <ClCompile Include="VertexArrayException.cpp">
      <Filter>소스 파일\gl core\core\vertex array</Filter>
    </ClCompile>
    <ClCompile Include="GLInitializer.cpp">
      <Filter>소스 파일\gl core\base</Filter>
    </ClCompile>
    <ClCompile Include="GLWindow.cpp">
      <Filter>소스 파일\gl core\base</Filter>
    </ClCompile>
    <ClCompile Include="GLWindowException.cpp">
      <Filter>소스 파일\gl core\base</Filter>
    </ClCompile>
    <ClCompile Include="Scene.cpp">
      <Filter>소스 파일\engine\base</Filter>
    </ClCompile>
    <ClCompile Include="Transform.cpp">
      <Filter>소스 파일\engine\core\transform</Filter>
    </ClCompile>
    <ClCompile Include="Quaternion.cpp">
      <Filter>소스 파일\engine\core\transform</Filter>
    </ClCompile>
    <ClCompile Include="QuaternionException.cpp">
      <Filter>소스 파일\engine\core\transform</Filter>
    </ClCompile>
    <ClCompile Include="DemoScene.cpp">
      <Filter>소스 파일\client\demo\scene</Filter>
    </ClCompile>
    <ClCompile Include="Camera.cpp">
      <Filter>소스 파일\engine\core\camera</Filter>
    </ClCompile>
    <ClCompile Include="TransformableCamera.cpp">
      <Filter>소스 파일\engine\core\camera</Filter>
    </ClCompile>
    <ClCompile Include="OrthoCamera.cpp">
      <Filter>소스 파일\engine\core\camera</Filter>
    </ClCompile>
    <ClCompile Include="PerspectiveCamera.cpp">
      <Filter>소스 파일\engine\core\camera</Filter>
    </ClCompile>
    <ClCompile Include="LightingTestScene.cpp">
      <Filter>소스 파일\client\demo\scene</Filter>
    </ClCompile>
  </ItemGroup>
  <ItemGroup>
    <ClInclude Include="stb_image.h">
      <Filter>소스 파일\3rd party</Filter>
    </ClInclude>
    <ClInclude Include="ProgramException.h">
      <Filter>소스 파일\gl core\core\program</Filter>
    </ClInclude>
    <ClInclude Include="ShaderProgram.h">
      <Filter>소스 파일\gl core\core\program</Filter>
    </ClInclude>
    <ClInclude Include="Texture2D.h">
      <Filter>소스 파일\gl core\core\texture</Filter>
    </ClInclude>
    <ClInclude Include="TextureBase.h">
      <Filter>소스 파일\gl core\core\texture</Filter>
    </ClInclude>
    <ClInclude Include="TextureException.h">
      <Filter>소스 파일\gl core\core\texture</Filter>
    </ClInclude>
    <ClInclude Include="TextReader.h">
      <Filter>소스 파일\gl core\util</Filter>
    </ClInclude>
    <ClInclude Include="TextureUtil.h">
      <Filter>소스 파일\gl core\util</Filter>
    </ClInclude>
    <ClInclude Include="BufferBase.h">
      <Filter>소스 파일\gl core\core\buffer</Filter>
    </ClInclude>
    <ClInclude Include="VertexBuffer.h">
      <Filter>소스 파일\gl core\core\buffer</Filter>
    </ClInclude>
    <ClInclude Include="IndexBuffer.h">
      <Filter>소스 파일\gl core\core\buffer</Filter>
    </ClInclude>
    <ClInclude Include="BufferException.h">
      <Filter>소스 파일\gl core\core\buffer</Filter>
    </ClInclude>
    <ClInclude Include="VertexAttributeDataStructure.h">
      <Filter>소스 파일\gl core\core\vertex attribute</Filter>
    </ClInclude>
    <ClInclude Include="VertexAttribute.h">
      <Filter>소스 파일\gl core\core\vertex attribute</Filter>
    </ClInclude>
    <ClInclude Include="VertexAttributeDataStructureFactory.h">
      <Filter>소스 파일\engine\core\vertex attribute</Filter>
    </ClInclude>
    <ClInclude Include="VertexAttributeListFactory.h">
      <Filter>소스 파일\engine\core\vertex attribute</Filter>
    </ClInclude>
    <ClInclude Include="VertexAttributeDataStructureType.h">
      <Filter>소스 파일\engine\core\vertex attribute</Filter>
    </ClInclude>
    <ClInclude Include="VertexAttributeFlag.h">
      <Filter>소스 파일\engine\core\vertex attribute</Filter>
    </ClInclude>
    <ClInclude Include="VertexArray.h">
      <Filter>소스 파일\gl core\core\vertex array</Filter>
    </ClInclude>
    <ClInclude Include="VertexArrayException.h">
      <Filter>소스 파일\gl core\core\vertex array</Filter>
    </ClInclude>
    <ClInclude Include="GLWindowEventHandler.h">
      <Filter>소스 파일\gl core\base</Filter>
    </ClInclude>
    <ClInclude Include="GLInitializer.h">
      <Filter>소스 파일\gl core\base</Filter>
    </ClInclude>
    <ClInclude Include="GLWindow.h">
      <Filter>소스 파일\gl core\base</Filter>
    </ClInclude>
    <ClInclude Include="GLWindowException.h">
      <Filter>소스 파일\gl core\base</Filter>
    </ClInclude>
    <ClInclude Include="Scene.h">
      <Filter>소스 파일\engine\base</Filter>
    </ClInclude>
    <ClInclude Include="Cube.h">
      <Filter>소스 파일\engine\data structure</Filter>
    </ClInclude>
    <ClInclude Include="Transform.h">
      <Filter>소스 파일\engine\core\transform</Filter>
    </ClInclude>
    <ClInclude Include="Constant.h">
      <Filter>소스 파일\engine\base</Filter>
    </ClInclude>
    <ClInclude Include="Quaternion.h">
      <Filter>소스 파일\engine\core\transform</Filter>
    </ClInclude>
    <ClInclude Include="QuaternionException.h">
      <Filter>소스 파일\engine\core\transform</Filter>
    </ClInclude>
    <ClInclude Include="DemoScene.h">
      <Filter>소스 파일\client\demo\scene</Filter>
    </ClInclude>
    <ClInclude Include="Camera.h">
      <Filter>소스 파일\engine\core\camera</Filter>
    </ClInclude>
    <ClInclude Include="TransformableCamera.h">
      <Filter>소스 파일\engine\core\camera</Filter>
    </ClInclude>
    <ClInclude Include="OrthoCamera.h">
      <Filter>소스 파일\engine\core\camera</Filter>
    </ClInclude>
    <ClInclude Include="PerspectiveCamera.h">
      <Filter>소스 파일\engine\core\camera</Filter>
    </ClInclude>
    <ClInclude Include="LightingTestScene.h">
      <Filter>소스 파일\client\demo\scene</Filter>
    </ClInclude>
  </ItemGroup>
  <ItemGroup>
    <None Include="rectangle_frag.glsl">
      <Filter>소스 파일\client\demo\shader</Filter>
    </None>
    <None Include="rectangle_vert.glsl">
      <Filter>소스 파일\client\demo\shader</Filter>
    </None>
    <None Include="lighting_test_rectangle_frag.glsl">
      <Filter>소스 파일\client\demo\shader</Filter>
    </None>
    <None Include="lighting_test_rectangle_vert.glsl">
      <Filter>소스 파일\client\demo\shader</Filter>
    </None>
  </ItemGroup>
</Project>